
Microsoft Visual Studio Solution File, Format Version 12.00
# Visual Studio 15
VisualStudioVersion = 15.0.26124.0
MinimumVisualStudioVersion = 15.0.26124.0
Project("{2150E333-8FDC-42A3-9474-1A3956D46DE8}") = "src", "src", "{16C7091C-ED1C-483E-AB47-3A552CCEE02A}"
EndProject
Project("{FAE04EC0-301F-11D3-BF4B-00C04F79EFBC}") = "DemoAPI", "src\DemoAPI\DemoAPI.csproj", "{8FF075D8-4224-480F-BED5-CC91602962AE}"
EndProject
Project("{2150E333-8FDC-42A3-9474-1A3956D46DE8}") = "test", "test", "{153E3F6B-D3DD-4EBD-B9C3-77E6AB0BC63C}"
EndProject
Project("{FAE04EC0-301F-11D3-BF4B-00C04F79EFBC}") = "DemoAPI.Tests", "test\DemoAPI.Tests\DemoAPI.Tests.csproj", "{191C76BC-1BD6-4D56-9F48-FB4E4437926E}"
EndProject
Global
	GlobalSection(SolutionConfigurationPlatforms) = preSolution
		Debug|Any CPU = Debug|Any CPU
		Debug|x64 = Debug|x64
		Debug|x86 = Debug|x86
		Release|Any CPU = Release|Any CPU
		Release|x64 = Release|x64
		Release|x86 = Release|x86
	EndGlobalSection
	GlobalSection(SolutionProperties) = preSolution
		HideSolutionNode = FALSE
	EndGlobalSection
	GlobalSection(ProjectConfigurationPlatforms) = postSolution
		{8FF075D8-4224-480F-BED5-CC91602962AE}.Debug|Any CPU.ActiveCfg = Debug|Any CPU
		{8FF075D8-4224-480F-BED5-CC91602962AE}.Debug|Any CPU.Build.0 = Debug|Any CPU
		{8FF075D8-4224-480F-BED5-CC91602962AE}.Debug|x64.ActiveCfg = Debug|Any CPU
		{8FF075D8-4224-480F-BED5-CC91602962AE}.Debug|x64.Build.0 = Debug|Any CPU
		{8FF075D8-4224-480F-BED5-CC91602962AE}.Debug|x86.ActiveCfg = Debug|Any CPU
		{8FF075D8-4224-480F-BED5-CC91602962AE}.Debug|x86.Build.0 = Debug|Any CPU
		{8FF075D8-4224-480F-BED5-CC91602962AE}.Release|Any CPU.ActiveCfg = Release|Any CPU
		{8FF075D8-4224-480F-BED5-CC91602962AE}.Release|Any CPU.Build.0 = Release|Any CPU
		{8FF075D8-4224-480F-BED5-CC91602962AE}.Release|x64.ActiveCfg = Release|Any CPU
		{8FF075D8-4224-480F-BED5-CC91602962AE}.Release|x64.Build.0 = Release|Any CPU
		{8FF075D8-4224-480F-BED5-CC91602962AE}.Release|x86.ActiveCfg = Release|Any CPU
		{8FF075D8-4224-480F-BED5-CC91602962AE}.Release|x86.Build.0 = Release|Any CPU
		{191C76BC-1BD6-4D56-9F48-FB4E4437926E}.Debug|Any CPU.ActiveCfg = Debug|Any CPU
		{191C76BC-1BD6-4D56-9F48-FB4E4437926E}.Debug|Any CPU.Build.0 = Debug|Any CPU
		{191C76BC-1BD6-4D56-9F48-FB4E4437926E}.Debug|x64.ActiveCfg = Debug|Any CPU
		{191C76BC-1BD6-4D56-9F48-FB4E4437926E}.Debug|x64.Build.0 = Debug|Any CPU
		{191C76BC-1BD6-4D56-9F48-FB4E4437926E}.Debug|x86.ActiveCfg = Debug|Any CPU
		{191C76BC-1BD6-4D56-9F48-FB4E4437926E}.Debug|x86.Build.0 = Debug|Any CPU
		{191C76BC-1BD6-4D56-9F48-FB4E4437926E}.Release|Any CPU.ActiveCfg = Release|Any CPU
		{191C76BC-1BD6-4D56-9F48-FB4E4437926E}.Release|Any CPU.Build.0 = Release|Any CPU
		{191C76BC-1BD6-4D56-9F48-FB4E4437926E}.Release|x64.ActiveCfg = Release|Any CPU
		{191C76BC-1BD6-4D56-9F48-FB4E4437926E}.Release|x64.Build.0 = Release|Any CPU
		{191C76BC-1BD6-4D56-9F48-FB4E4437926E}.Release|x86.ActiveCfg = Release|Any CPU
		{191C76BC-1BD6-4D56-9F48-FB4E4437926E}.Release|x86.Build.0 = Release|Any CPU
	EndGlobalSection
	GlobalSection(NestedProjects) = preSolution
		{8FF075D8-4224-480F-BED5-CC91602962AE} = {16C7091C-ED1C-483E-AB47-3A552CCEE02A}
		{191C76BC-1BD6-4D56-9F48-FB4E4437926E} = {153E3F6B-D3DD-4EBD-B9C3-77E6AB0BC63C}
	EndGlobalSection
EndGlobal
